// !$*UTF8*$!
{
	archiveVersion = 1;
	classes = {
	};
	objectVersion = 56;
	objects = {

/* Begin PBXBuildFile section */
		8C55CD242B55569F00677AF6 /* Water_TrackerApp.swift in Sources */ = {isa = PBXBuildFile; fileRef = 8C55CD232B55569F00677AF6 /* Water_TrackerApp.swift */; };
		8C55CD282B5556A100677AF6 /* Assets.xcassets in Resources */ = {isa = PBXBuildFile; fileRef = 8C55CD272B5556A100677AF6 /* Assets.xcassets */; };
		8C55CD2B2B5556A100677AF6 /* Preview Assets.xcassets in Resources */ = {isa = PBXBuildFile; fileRef = 8C55CD2A2B5556A100677AF6 /* Preview Assets.xcassets */; };
		8C55CD382B55593F00677AF6 /* MainView.swift in Sources */ = {isa = PBXBuildFile; fileRef = 8C55CD372B55593F00677AF6 /* MainView.swift */; };
		8C55CD3A2B5559EF00677AF6 /* Shapes.swift in Sources */ = {isa = PBXBuildFile; fileRef = 8C55CD392B5559EF00677AF6 /* Shapes.swift */; };
		8C7121832B56D71600E06D7A /* SettingsView.swift in Sources */ = {isa = PBXBuildFile; fileRef = 8C7121822B56D71600E06D7A /* SettingsView.swift */; };
		8C82A2C52C05658100CA08BC /* WaterIntakeData.swift in Sources */ = {isa = PBXBuildFile; fileRef = 8C82A2C42C05658000CA08BC /* WaterIntakeData.swift */; };
		8C82A2C82C0565B100CA08BC /* WaterHistoryViewModel.swift in Sources */ = {isa = PBXBuildFile; fileRef = 8C82A2C72C0565B100CA08BC /* WaterHistoryViewModel.swift */; };
		8CF86A082B57016C0074C3EC /* CircularProgressBar.swift in Sources */ = {isa = PBXBuildFile; fileRef = 8CF86A072B57016C0074C3EC /* CircularProgressBar.swift */; };
		8CF86A0A2B5705830074C3EC /* BackgroundView.swift in Sources */ = {isa = PBXBuildFile; fileRef = 8CF86A092B5705830074C3EC /* BackgroundView.swift */; };
/* End PBXBuildFile section */

/* Begin PBXFileReference section */
		8C55CD202B55569F00677AF6 /* Water Tracker.app */ = {isa = PBXFileReference; explicitFileType = wrapper.application; includeInIndex = 0; path = "Water Tracker.app"; sourceTree = BUILT_PRODUCTS_DIR; };
		8C55CD232B55569F00677AF6 /* Water_TrackerApp.swift */ = {isa = PBXFileReference; lastKnownFileType = sourcecode.swift; path = Water_TrackerApp.swift; sourceTree = "<group>"; };
		8C55CD272B5556A100677AF6 /* Assets.xcassets */ = {isa = PBXFileReference; lastKnownFileType = folder.assetcatalog; path = Assets.xcassets; sourceTree = "<group>"; };
		8C55CD2A2B5556A100677AF6 /* Preview Assets.xcassets */ = {isa = PBXFileReference; lastKnownFileType = folder.assetcatalog; path = "Preview Assets.xcassets"; sourceTree = "<group>"; };
		8C55CD372B55593F00677AF6 /* MainView.swift */ = {isa = PBXFileReference; lastKnownFileType = sourcecode.swift; path = MainView.swift; sourceTree = "<group>"; };
		8C55CD392B5559EF00677AF6 /* Shapes.swift */ = {isa = PBXFileReference; lastKnownFileType = sourcecode.swift; path = Shapes.swift; sourceTree = "<group>"; };
		8C7121822B56D71600E06D7A /* SettingsView.swift */ = {isa = PBXFileReference; lastKnownFileType = sourcecode.swift; path = SettingsView.swift; sourceTree = "<group>"; };
		8C82A2C42C05658000CA08BC /* WaterIntakeData.swift */ = {isa = PBXFileReference; lastKnownFileType = sourcecode.swift; path = WaterIntakeData.swift; sourceTree = "<group>"; };
		8C82A2C72C0565B100CA08BC /* WaterHistoryViewModel.swift */ = {isa = PBXFileReference; lastKnownFileType = sourcecode.swift; name = WaterHistoryViewModel.swift; path = "Water Tracker/ViewModel/WaterHistoryViewModel.swift"; sourceTree = SOURCE_ROOT; };
		8CF86A072B57016C0074C3EC /* CircularProgressBar.swift */ = {isa = PBXFileReference; lastKnownFileType = sourcecode.swift; path = CircularProgressBar.swift; sourceTree = "<group>"; };
		8CF86A092B5705830074C3EC /* BackgroundView.swift */ = {isa = PBXFileReference; lastKnownFileType = sourcecode.swift; path = BackgroundView.swift; sourceTree = "<group>"; };
/* End PBXFileReference section */

/* Begin PBXFrameworksBuildPhase section */
		8C55CD1D2B55569F00677AF6 /* Frameworks */ = {
			isa = PBXFrameworksBuildPhase;
			buildActionMask = 2147483647;
			files = (
			);
			runOnlyForDeploymentPostprocessing = 0;
		};
/* End PBXFrameworksBuildPhase section */

/* Begin PBXGroup section */
		8C1906002C0588040024EF14 /* ViewModel */ = {
			isa = PBXGroup;
			children = (
				8C82A2C72C0565B100CA08BC /* WaterHistoryViewModel.swift */,
			);
			path = ViewModel;
			sourceTree = "<group>";
		};
		8C55CD172B55569F00677AF6 = {
			isa = PBXGroup;
			children = (
				8C55CD222B55569F00677AF6 /* Water Tracker */,
				8C55CD212B55569F00677AF6 /* Products */,
			);
			sourceTree = "<group>";
		};
		8C55CD212B55569F00677AF6 /* Products */ = {
			isa = PBXGroup;
			children = (
				8C55CD202B55569F00677AF6 /* Water Tracker.app */,
			);
			name = Products;
			sourceTree = "<group>";
		};
		8C55CD222B55569F00677AF6 /* Water Tracker */ = {
			isa = PBXGroup;
			children = (
				8C1906002C0588040024EF14 /* ViewModel */,
				8C55CD352B55579C00677AF6 /* App */,
				8C55CD342B55579000677AF6 /* Views */,
				8C55CD332B55578300677AF6 /* Components */,
				8C55CD322B55577100677AF6 /* Model */,
				8C55CD362B55591100677AF6 /* Resources */,
				8C55CD292B5556A100677AF6 /* Preview Content */,
			);
			path = "Water Tracker";
			sourceTree = "<group>";
		};
		8C55CD292B5556A100677AF6 /* Preview Content */ = {
			isa = PBXGroup;
			children = (
				8C55CD2A2B5556A100677AF6 /* Preview Assets.xcassets */,
			);
			path = "Preview Content";
			sourceTree = "<group>";
		};
		8C55CD322B55577100677AF6 /* Model */ = {
			isa = PBXGroup;
			children = (
				8C82A2C42C05658000CA08BC /* WaterIntakeData.swift */,
			);
			path = Model;
			sourceTree = "<group>";
		};
		8C55CD332B55578300677AF6 /* Components */ = {
			isa = PBXGroup;
			children = (
				8CF86A072B57016C0074C3EC /* CircularProgressBar.swift */,
				8CF86A092B5705830074C3EC /* BackgroundView.swift */,
			);
			path = Components;
			sourceTree = "<group>";
		};
		8C55CD342B55579000677AF6 /* Views */ = {
			isa = PBXGroup;
			children = (
				8C55CD372B55593F00677AF6 /* MainView.swift */,
				8C7121822B56D71600E06D7A /* SettingsView.swift */,
			);
			path = Views;
			sourceTree = "<group>";
		};
		8C55CD352B55579C00677AF6 /* App */ = {
			isa = PBXGroup;
			children = (
				8C55CD232B55569F00677AF6 /* Water_TrackerApp.swift */,
			);
			path = App;
			sourceTree = "<group>";
		};
		8C55CD362B55591100677AF6 /* Resources */ = {
			isa = PBXGroup;
			children = (
				8C55CD272B5556A100677AF6 /* Assets.xcassets */,
				8C55CD392B5559EF00677AF6 /* Shapes.swift */,
			);
			path = Resources;
			sourceTree = "<group>";
		};
/* End PBXGroup section */

/* Begin PBXNativeTarget section */
		8C55CD1F2B55569F00677AF6 /* Water Tracker */ = {
			isa = PBXNativeTarget;
			buildConfigurationList = 8C55CD2E2B5556A100677AF6 /* Build configuration list for PBXNativeTarget "Water Tracker" */;
			buildPhases = (
				8C55CD1C2B55569F00677AF6 /* Sources */,
				8C55CD1D2B55569F00677AF6 /* Frameworks */,
				8C55CD1E2B55569F00677AF6 /* Resources */,
			);
			buildRules = (
			);
			dependencies = (
			);
			name = "Water Tracker";
			productName = "Water Tracker";
			productReference = 8C55CD202B55569F00677AF6 /* Water Tracker.app */;
			productType = "com.apple.product-type.application";
		};
/* End PBXNativeTarget section */

/* Begin PBXProject section */
		8C55CD182B55569F00677AF6 /* Project object */ = {
			isa = PBXProject;
			attributes = {
				BuildIndependentTargetsInParallel = 1;
				LastSwiftUpdateCheck = 1510;
				LastUpgradeCheck = 1510;
				TargetAttributes = {
					8C55CD1F2B55569F00677AF6 = {
						CreatedOnToolsVersion = 15.1;
					};
				};
			};
			buildConfigurationList = 8C55CD1B2B55569F00677AF6 /* Build configuration list for PBXProject "Water Tracker" */;
			compatibilityVersion = "Xcode 14.0";
			developmentRegion = en;
			hasScannedForEncodings = 0;
			knownRegions = (
				en,
				Base,
			);
			mainGroup = 8C55CD172B55569F00677AF6;
			productRefGroup = 8C55CD212B55569F00677AF6 /* Products */;
			projectDirPath = "";
			projectRoot = "";
			targets = (
				8C55CD1F2B55569F00677AF6 /* Water Tracker */,
			);
		};
/* End PBXProject section */

/* Begin PBXResourcesBuildPhase section */
		8C55CD1E2B55569F00677AF6 /* Resources */ = {
			isa = PBXResourcesBuildPhase;
			buildActionMask = 2147483647;
			files = (
				8C55CD2B2B5556A100677AF6 /* Preview Assets.xcassets in Resources */,
				8C55CD282B5556A100677AF6 /* Assets.xcassets in Resources */,
			);
			runOnlyForDeploymentPostprocessing = 0;
		};
/* End PBXResourcesBuildPhase section */

/* Begin PBXSourcesBuildPhase section */
		8C55CD1C2B55569F00677AF6 /* Sources */ = {
			isa = PBXSourcesBuildPhase;
			buildActionMask = 2147483647;
			files = (
				8CF86A0A2B5705830074C3EC /* BackgroundView.swift in Sources */,
				8C7121832B56D71600E06D7A /* SettingsView.swift in Sources */,
				8CF86A082B57016C0074C3EC /* CircularProgressBar.swift in Sources */,
				8C55CD382B55593F00677AF6 /* MainView.swift in Sources */,
				8C82A2C52C05658100CA08BC /* WaterIntakeData.swift in Sources */,
				8C55CD242B55569F00677AF6 /* Water_TrackerApp.swift in Sources */,
				8C55CD3A2B5559EF00677AF6 /* Shapes.swift in Sources */,
				8C82A2C82C0565B100CA08BC /* WaterHistoryViewModel.swift in Sources */,
			);
			runOnlyForDeploymentPostprocessing = 0;
		};
/* End PBXSourcesBuildPhase section */

/* Begin XCBuildConfiguration section */
		8C55CD2C2B5556A100677AF6 /* Debug */ = {
			isa = XCBuildConfiguration;
			buildSettings = {
				ALWAYS_SEARCH_USER_PATHS = NO;
				ASSETCATALOG_COMPILER_GENERATE_SWIFT_ASSET_SYMBOL_EXTENSIONS = YES;
				CLANG_ANALYZER_NONNULL = YES;
				CLANG_ANALYZER_NUMBER_OBJECT_CONVERSION = YES_AGGRESSIVE;
				CLANG_CXX_LANGUAGE_STANDARD = "gnu++20";
				CLANG_ENABLE_MODULES = YES;
				CLANG_ENABLE_OBJC_ARC = YES;
				CLANG_ENABLE_OBJC_WEAK = YES;
				CLANG_WARN_BLOCK_CAPTURE_AUTORELEASING = YES;
				CLANG_WARN_BOOL_CONVERSION = YES;
				CLANG_WARN_COMMA = YES;
				CLANG_WARN_CONSTANT_CONVERSION = YES;
				CLANG_WARN_DEPRECATED_OBJC_IMPLEMENTATIONS = YES;
				CLANG_WARN_DIRECT_OBJC_ISA_USAGE = YES_ERROR;
				CLANG_WARN_DOCUMENTATION_COMMENTS = YES;
				CLANG_WARN_EMPTY_BODY = YES;
				CLANG_WARN_ENUM_CONVERSION = YES;
				CLANG_WARN_INFINITE_RECURSION = YES;
				CLANG_WARN_INT_CONVERSION = YES;
				CLANG_WARN_NON_LITERAL_NULL_CONVERSION = YES;
				CLANG_WARN_OBJC_IMPLICIT_RETAIN_SELF = YES;
				CLANG_WARN_OBJC_LITERAL_CONVERSION = YES;
				CLANG_WARN_OBJC_ROOT_CLASS = YES_ERROR;
				CLANG_WARN_QUOTED_INCLUDE_IN_FRAMEWORK_HEADER = YES;
				CLANG_WARN_RANGE_LOOP_ANALYSIS = YES;
				CLANG_WARN_STRICT_PROTOTYPES = YES;
				CLANG_WARN_SUSPICIOUS_MOVE = YES;
				CLANG_WARN_UNGUARDED_AVAILABILITY = YES_AGGRESSIVE;
				CLANG_WARN_UNREACHABLE_CODE = YES;
				CLANG_WARN__DUPLICATE_METHOD_MATCH = YES;
				COPY_PHASE_STRIP = NO;
				DEBUG_INFORMATION_FORMAT = dwarf;
				ENABLE_STRICT_OBJC_MSGSEND = YES;
				ENABLE_TESTABILITY = YES;
				ENABLE_USER_SCRIPT_SANDBOXING = YES;
				GCC_C_LANGUAGE_STANDARD = gnu17;
				GCC_DYNAMIC_NO_PIC = NO;
				GCC_NO_COMMON_BLOCKS = YES;
				GCC_OPTIMIZATION_LEVEL = 0;
				GCC_PREPROCESSOR_DEFINITIONS = (
					"DEBUG=1",
					"$(inherited)",
				);
				GCC_WARN_64_TO_32_BIT_CONVERSION = YES;
				GCC_WARN_ABOUT_RETURN_TYPE = YES_ERROR;
				GCC_WARN_UNDECLARED_SELECTOR = YES;
				GCC_WARN_UNINITIALIZED_AUTOS = YES_AGGRESSIVE;
				GCC_WARN_UNUSED_FUNCTION = YES;
				GCC_WARN_UNUSED_VARIABLE = YES;
				IPHONEOS_DEPLOYMENT_TARGET = 17.2;
				LOCALIZATION_PREFERS_STRING_CATALOGS = YES;
				MTL_ENABLE_DEBUG_INFO = INCLUDE_SOURCE;
				MTL_FAST_MATH = YES;
				ONLY_ACTIVE_ARCH = YES;
				SDKROOT = iphoneos;
				SWIFT_ACTIVE_COMPILATION_CONDITIONS = "DEBUG $(inherited)";
				SWIFT_OPTIMIZATION_LEVEL = "-Onone";
			};
			name = Debug;
		};
		8C55CD2D2B5556A100677AF6 /* Release */ = {
			isa = XCBuildConfiguration;
			buildSettings = {
				ALWAYS_SEARCH_USER_PATHS = NO;
				ASSETCATALOG_COMPILER_GENERATE_SWIFT_ASSET_SYMBOL_EXTENSIONS = YES;
				CLANG_ANALYZER_NONNULL = YES;
				CLANG_ANALYZER_NUMBER_OBJECT_CONVERSION = YES_AGGRESSIVE;
				CLANG_CXX_LANGUAGE_STANDARD = "gnu++20";
				CLANG_ENABLE_MODULES = YES;
				CLANG_ENABLE_OBJC_ARC = YES;
				CLANG_ENABLE_OBJC_WEAK = YES;
				CLANG_WARN_BLOCK_CAPTURE_AUTORELEASING = YES;
				CLANG_WARN_BOOL_CONVERSION = YES;
				CLANG_WARN_COMMA = YES;
				CLANG_WARN_CONSTANT_CONVERSION = YES;
				CLANG_WARN_DEPRECATED_OBJC_IMPLEMENTATIONS = YES;
				CLANG_WARN_DIRECT_OBJC_ISA_USAGE = YES_ERROR;
				CLANG_WARN_DOCUMENTATION_COMMENTS = YES;
				CLANG_WARN_EMPTY_BODY = YES;
				CLANG_WARN_ENUM_CONVERSION = YES;
				CLANG_WARN_INFINITE_RECURSION = YES;
				CLANG_WARN_INT_CONVERSION = YES;
				CLANG_WARN_NON_LITERAL_NULL_CONVERSION = YES;
				CLANG_WARN_OBJC_IMPLICIT_RETAIN_SELF = YES;
				CLANG_WARN_OBJC_LITERAL_CONVERSION = YES;
				CLANG_WARN_OBJC_ROOT_CLASS = YES_ERROR;
				CLANG_WARN_QUOTED_INCLUDE_IN_FRAMEWORK_HEADER = YES;
				CLANG_WARN_RANGE_LOOP_ANALYSIS = YES;
				CLANG_WARN_STRICT_PROTOTYPES = YES;
				CLANG_WARN_SUSPICIOUS_MOVE = YES;
				CLANG_WARN_UNGUARDED_AVAILABILITY = YES_AGGRESSIVE;
				CLANG_WARN_UNREACHABLE_CODE = YES;
				CLANG_WARN__DUPLICATE_METHOD_MATCH = YES;
				COPY_PHASE_STRIP = NO;
				DEBUG_INFORMATION_FORMAT = "dwarf-with-dsym";
				ENABLE_NS_ASSERTIONS = NO;
				ENABLE_STRICT_OBJC_MSGSEND = YES;
				ENABLE_USER_SCRIPT_SANDBOXING = YES;
				GCC_C_LANGUAGE_STANDARD = gnu17;
				GCC_NO_COMMON_BLOCKS = YES;
				GCC_WARN_64_TO_32_BIT_CONVERSION = YES;
				GCC_WARN_ABOUT_RETURN_TYPE = YES_ERROR;
				GCC_WARN_UNDECLARED_SELECTOR = YES;
				GCC_WARN_UNINITIALIZED_AUTOS = YES_AGGRESSIVE;
				GCC_WARN_UNUSED_FUNCTION = YES;
				GCC_WARN_UNUSED_VARIABLE = YES;
				IPHONEOS_DEPLOYMENT_TARGET = 17.2;
				LOCALIZATION_PREFERS_STRING_CATALOGS = YES;
				MTL_ENABLE_DEBUG_INFO = NO;
				MTL_FAST_MATH = YES;
				SDKROOT = iphoneos;
				SWIFT_COMPILATION_MODE = wholemodule;
				VALIDATE_PRODUCT = YES;
			};
			name = Release;
		};
		8C55CD2F2B5556A100677AF6 /* Debug */ = {
			isa = XCBuildConfiguration;
			buildSettings = {
				ASSETCATALOG_COMPILER_APPICON_NAME = AppIcon;
				ASSETCATALOG_COMPILER_GLOBAL_ACCENT_COLOR_NAME = AccentColor;
				CODE_SIGN_STYLE = Automatic;
				CURRENT_PROJECT_VERSION = 1;
				DEVELOPMENT_ASSET_PATHS = "\"Water Tracker/Preview Content\"";
				DEVELOPMENT_TEAM = S5RNXZGRV7;
				ENABLE_PREVIEWS = YES;
				GENERATE_INFOPLIST_FILE = YES;
				INFOPLIST_KEY_LSApplicationCategoryType = "public.app-category.healthcare-fitness";
				INFOPLIST_KEY_UIApplicationSceneManifest_Generation = YES;
				INFOPLIST_KEY_UIApplicationSupportsIndirectInputEvents = YES;
				INFOPLIST_KEY_UILaunchScreen_Generation = YES;
				INFOPLIST_KEY_UIStatusBarHidden = YES;
				INFOPLIST_KEY_UISupportedInterfaceOrientations = UIInterfaceOrientationPortrait;
				INFOPLIST_KEY_UISupportedInterfaceOrientations_iPad = "UIInterfaceOrientationLandscapeLeft UIInterfaceOrientationLandscapeRight UIInterfaceOrientationPortrait";
				IPHONEOS_DEPLOYMENT_TARGET = 17.0;
				LD_RUNPATH_SEARCH_PATHS = (
					"$(inherited)",
					"@executable_path/Frameworks",
				);
				MARKETING_VERSION = 1.0;
				PRODUCT_BUNDLE_IDENTIFIER = "me.markitantov.Water-Tracker";
				PRODUCT_NAME = "$(TARGET_NAME)";
				SUPPORTED_PLATFORMS = "iphoneos iphonesimulator";
				SUPPORTS_MACCATALYST = NO;
				SUPPORTS_MAC_DESIGNED_FOR_IPHONE_IPAD = NO;
				SUPPORTS_XR_DESIGNED_FOR_IPHONE_IPAD = NO;
				SWIFT_EMIT_LOC_STRINGS = YES;
				SWIFT_VERSION = 5.0;
				TARGETED_DEVICE_FAMILY = 1;
			};
			name = Debug;
		};
		8C55CD302B5556A100677AF6 /* Release */ = {
			isa = XCBuildConfiguration;
			buildSettings = {
				ASSETCATALOG_COMPILER_APPICON_NAME = AppIcon;
				ASSETCATALOG_COMPILER_GLOBAL_ACCENT_COLOR_NAME = AccentColor;
				CODE_SIGN_STYLE = Automatic;
				CURRENT_PROJECT_VERSION = 1;
				DEVELOPMENT_ASSET_PATHS = "\"Water Tracker/Preview Content\"";
				DEVELOPMENT_TEAM = S5RNXZGRV7;
				ENABLE_PREVIEWS = YES;
				GENERATE_INFOPLIST_FILE = YES;
				INFOPLIST_KEY_LSApplicationCategoryType = "public.app-category.healthcare-fitness";
				INFOPLIST_KEY_UIApplicationSceneManifest_Generation = YES;
				INFOPLIST_KEY_UIApplicationSupportsIndirectInputEvents = YES;
				INFOPLIST_KEY_UILaunchScreen_Generation = YES;
				INFOPLIST_KEY_UIStatusBarHidden = YES;
				INFOPLIST_KEY_UISupportedInterfaceOrientations = UIInterfaceOrientationPortrait;
				INFOPLIST_KEY_UISupportedInterfaceOrientations_iPad = "UIInterfaceOrientationLandscapeLeft UIInterfaceOrientationLandscapeRight UIInterfaceOrientationPortrait";
				IPHONEOS_DEPLOYMENT_TARGET = 17.0;
				LD_RUNPATH_SEARCH_PATHS = (
					"$(inherited)",
					"@executable_path/Frameworks",
				);
				MARKETING_VERSION = 1.0;
				PRODUCT_BUNDLE_IDENTIFIER = "me.markitantov.Water-Tracker";
				PRODUCT_NAME = "$(TARGET_NAME)";
				SUPPORTED_PLATFORMS = "iphoneos iphonesimulator";
				SUPPORTS_MACCATALYST = NO;
				SUPPORTS_MAC_DESIGNED_FOR_IPHONE_IPAD = NO;
				SUPPORTS_XR_DESIGNED_FOR_IPHONE_IPAD = NO;
				SWIFT_EMIT_LOC_STRINGS = YES;
				SWIFT_VERSION = 5.0;
				TARGETED_DEVICE_FAMILY = 1;
			};
			name = Release;
		};
/* End XCBuildConfiguration section */

/* Begin XCConfigurationList section */
		8C55CD1B2B55569F00677AF6 /* Build configuration list for PBXProject "Water Tracker" */ = {
			isa = XCConfigurationList;
			buildConfigurations = (
				8C55CD2C2B5556A100677AF6 /* Debug */,
				8C55CD2D2B5556A100677AF6 /* Release */,
			);
			defaultConfigurationIsVisible = 0;
			defaultConfigurationName = Release;
		};
		8C55CD2E2B5556A100677AF6 /* Build configuration list for PBXNativeTarget "Water Tracker" */ = {
			isa = XCConfigurationList;
			buildConfigurations = (
				8C55CD2F2B5556A100677AF6 /* Debug */,
				8C55CD302B5556A100677AF6 /* Release */,
			);
			defaultConfigurationIsVisible = 0;
			defaultConfigurationName = Release;
		};
/* End XCConfigurationList section */
	};
	rootObject = 8C55CD182B55569F00677AF6 /* Project object */;
}
